
Microsoft Visual Studio Solution File, Format Version 12.00
# Visual Studio Version 17
VisualStudioVersion = 17.4.33213.308
MinimumVisualStudioVersion = 10.0.40219.1
Project("{9A19103F-16F7-4668-BE54-9A1E7A4F7556}") = "AVXLib", "..\Digital-AV\omega\foundations\csharp\AVXLib\AVXLib.csproj", "{3C0E1BFA-ABD6-49F3-AB20-C442C1CF6AB3}"
EndProject
Project("{9A19103F-16F7-4668-BE54-9A1E7A4F7556}") = "Blueprint-Blue-Lib", "..\blueprint-blue\Blueprint-Blue-Lib\Blueprint-Blue-Lib.csproj", "{CED30E03-FB8B-4E43-AD73-3C02CC82C280}"
EndProject
Project("{9A19103F-16F7-4668-BE54-9A1E7A4F7556}") = "PhonemeEmbeddings", "..\NUPhone\PhonemeEmbeddings\PhonemeEmbeddings.csproj", "{5F229733-3561-4DA0-928D-00454DA626F4}"
EndProject
Project("{9A19103F-16F7-4668-BE54-9A1E7A4F7556}") = "AV-Engine", "AV-Engine.csproj", "{B4AEE346-C55A-4E0C-ACD8-3EC04ADF3CF5}"
EndProject
Project("{9A19103F-16F7-4668-BE54-9A1E7A4F7556}") = "AV-Console", "..\AV-Console\AV-Console.csproj", "{91677F74-440F-4B9F-956C-F0F2E1BD712C}"
EndProject
Project("{9A19103F-16F7-4668-BE54-9A1E7A4F7556}") = "AV-Search", "..\AV-Search\AV-Search.csproj", "{CF6C8AD6-A930-41E8-9249-618D73B08A0E}"
EndProject
Project("{9A19103F-16F7-4668-BE54-9A1E7A4F7556}") = "Blacklight.Controls.Wpf", "..\BlackLightFork\Blacklight.Controls.Wpf.csproj", "{22D437DE-3801-4E6B-B376-26C6C6A2D7F0}"
EndProject
Project("{9A19103F-16F7-4668-BE54-9A1E7A4F7556}") = "AV-API", "..\AV-API\AV-API.csproj", "{25714C8B-B277-434E-8AAA-A380D51113A6}"
	ProjectSection(ProjectDependencies) = postProject
		{3C0E1BFA-ABD6-49F3-AB20-C442C1CF6AB3} = {3C0E1BFA-ABD6-49F3-AB20-C442C1CF6AB3}
		{5F229733-3561-4DA0-928D-00454DA626F4} = {5F229733-3561-4DA0-928D-00454DA626F4}
		{CF6C8AD6-A930-41E8-9249-618D73B08A0E} = {CF6C8AD6-A930-41E8-9249-618D73B08A0E}
	EndProjectSection
EndProject
Project("{9A19103F-16F7-4668-BE54-9A1E7A4F7556}") = "AV-Data-Manager", "..\AV-Data-Manager\AV-Data-Manager.csproj", "{432DBD6F-3C30-4C83-92B7-9B9D03C8B7D9}"
EndProject
Project("{FAE04EC0-301F-11D3-BF4B-00C04F79EFBC}") = "AV-Bible-Addin", "..\AV-Bible-Addin\AV-Bible-Addin.csproj", "{60FD9236-8674-4A48-8792-E5D9AB111D40}"
EndProject
Project("{9A19103F-16F7-4668-BE54-9A1E7A4F7556}") = "AVBible", "..\AV-Bible\AVBible.csproj", "{94C1C376-0B18-4D7F-B291-83033EED6BDC}"
EndProject
Global
	GlobalSection(SolutionConfigurationPlatforms) = preSolution
		Debug|Any CPU = Debug|Any CPU
		Debug|ARM = Debug|ARM
		Debug|ARM64 = Debug|ARM64
		Debug|x64 = Debug|x64
		Debug|x86 = Debug|x86
		Release|Any CPU = Release|Any CPU
		Release|ARM = Release|ARM
		Release|ARM64 = Release|ARM64
		Release|x64 = Release|x64
		Release|x86 = Release|x86
	EndGlobalSection
	GlobalSection(ProjectConfigurationPlatforms) = postSolution
		{3C0E1BFA-ABD6-49F3-AB20-C442C1CF6AB3}.Debug|Any CPU.ActiveCfg = Debug|Any CPU
		{3C0E1BFA-ABD6-49F3-AB20-C442C1CF6AB3}.Debug|Any CPU.Build.0 = Debug|Any CPU
		{3C0E1BFA-ABD6-49F3-AB20-C442C1CF6AB3}.Debug|ARM.ActiveCfg = Debug|Any CPU
		{3C0E1BFA-ABD6-49F3-AB20-C442C1CF6AB3}.Debug|ARM.Build.0 = Debug|Any CPU
		{3C0E1BFA-ABD6-49F3-AB20-C442C1CF6AB3}.Debug|ARM64.ActiveCfg = Debug|Any CPU
		{3C0E1BFA-ABD6-49F3-AB20-C442C1CF6AB3}.Debug|ARM64.Build.0 = Debug|Any CPU
		{3C0E1BFA-ABD6-49F3-AB20-C442C1CF6AB3}.Debug|x64.ActiveCfg = Debug|Any CPU
		{3C0E1BFA-ABD6-49F3-AB20-C442C1CF6AB3}.Debug|x64.Build.0 = Debug|Any CPU
		{3C0E1BFA-ABD6-49F3-AB20-C442C1CF6AB3}.Debug|x86.ActiveCfg = Debug|Any CPU
		{3C0E1BFA-ABD6-49F3-AB20-C442C1CF6AB3}.Debug|x86.Build.0 = Debug|Any CPU
		{3C0E1BFA-ABD6-49F3-AB20-C442C1CF6AB3}.Release|Any CPU.ActiveCfg = Release|Any CPU
		{3C0E1BFA-ABD6-49F3-AB20-C442C1CF6AB3}.Release|Any CPU.Build.0 = Release|Any CPU
		{3C0E1BFA-ABD6-49F3-AB20-C442C1CF6AB3}.Release|ARM.ActiveCfg = Release|Any CPU
		{3C0E1BFA-ABD6-49F3-AB20-C442C1CF6AB3}.Release|ARM.Build.0 = Release|Any CPU
		{3C0E1BFA-ABD6-49F3-AB20-C442C1CF6AB3}.Release|ARM64.ActiveCfg = Release|Any CPU
		{3C0E1BFA-ABD6-49F3-AB20-C442C1CF6AB3}.Release|ARM64.Build.0 = Release|Any CPU
		{3C0E1BFA-ABD6-49F3-AB20-C442C1CF6AB3}.Release|x64.ActiveCfg = Release|x64
		{3C0E1BFA-ABD6-49F3-AB20-C442C1CF6AB3}.Release|x64.Build.0 = Release|x64
		{3C0E1BFA-ABD6-49F3-AB20-C442C1CF6AB3}.Release|x86.ActiveCfg = Release|x86
		{3C0E1BFA-ABD6-49F3-AB20-C442C1CF6AB3}.Release|x86.Build.0 = Release|x86
		{CED30E03-FB8B-4E43-AD73-3C02CC82C280}.Debug|Any CPU.ActiveCfg = Debug|Any CPU
		{CED30E03-FB8B-4E43-AD73-3C02CC82C280}.Debug|Any CPU.Build.0 = Debug|Any CPU
		{CED30E03-FB8B-4E43-AD73-3C02CC82C280}.Debug|ARM.ActiveCfg = Debug|Any CPU
		{CED30E03-FB8B-4E43-AD73-3C02CC82C280}.Debug|ARM.Build.0 = Debug|Any CPU
		{CED30E03-FB8B-4E43-AD73-3C02CC82C280}.Debug|ARM64.ActiveCfg = Debug|Any CPU
		{CED30E03-FB8B-4E43-AD73-3C02CC82C280}.Debug|ARM64.Build.0 = Debug|Any CPU
		{CED30E03-FB8B-4E43-AD73-3C02CC82C280}.Debug|x64.ActiveCfg = Debug|Any CPU
		{CED30E03-FB8B-4E43-AD73-3C02CC82C280}.Debug|x64.Build.0 = Debug|Any CPU
		{CED30E03-FB8B-4E43-AD73-3C02CC82C280}.Debug|x86.ActiveCfg = Debug|Any CPU
		{CED30E03-FB8B-4E43-AD73-3C02CC82C280}.Debug|x86.Build.0 = Debug|Any CPU
		{CED30E03-FB8B-4E43-AD73-3C02CC82C280}.Release|Any CPU.ActiveCfg = Release|Any CPU
		{CED30E03-FB8B-4E43-AD73-3C02CC82C280}.Release|Any CPU.Build.0 = Release|Any CPU
		{CED30E03-FB8B-4E43-AD73-3C02CC82C280}.Release|ARM.ActiveCfg = Release|Any CPU
		{CED30E03-FB8B-4E43-AD73-3C02CC82C280}.Release|ARM.Build.0 = Release|Any CPU
		{CED30E03-FB8B-4E43-AD73-3C02CC82C280}.Release|ARM64.ActiveCfg = Release|Any CPU
		{CED30E03-FB8B-4E43-AD73-3C02CC82C280}.Release|ARM64.Build.0 = Release|Any CPU
		{CED30E03-FB8B-4E43-AD73-3C02CC82C280}.Release|x64.ActiveCfg = Release|x64
		{CED30E03-FB8B-4E43-AD73-3C02CC82C280}.Release|x64.Build.0 = Release|x64
		{CED30E03-FB8B-4E43-AD73-3C02CC82C280}.Release|x86.ActiveCfg = Release|x86
		{CED30E03-FB8B-4E43-AD73-3C02CC82C280}.Release|x86.Build.0 = Release|x86
		{5F229733-3561-4DA0-928D-00454DA626F4}.Debug|Any CPU.ActiveCfg = Debug|Any CPU
		{5F229733-3561-4DA0-928D-00454DA626F4}.Debug|Any CPU.Build.0 = Debug|Any CPU
		{5F229733-3561-4DA0-928D-00454DA626F4}.Debug|ARM.ActiveCfg = Debug|Any CPU
		{5F229733-3561-4DA0-928D-00454DA626F4}.Debug|ARM.Build.0 = Debug|Any CPU
		{5F229733-3561-4DA0-928D-00454DA626F4}.Debug|ARM64.ActiveCfg = Debug|Any CPU
		{5F229733-3561-4DA0-928D-00454DA626F4}.Debug|ARM64.Build.0 = Debug|Any CPU
		{5F229733-3561-4DA0-928D-00454DA626F4}.Debug|x64.ActiveCfg = Debug|Any CPU
		{5F229733-3561-4DA0-928D-00454DA626F4}.Debug|x64.Build.0 = Debug|Any CPU
		{5F229733-3561-4DA0-928D-00454DA626F4}.Debug|x86.ActiveCfg = Debug|Any CPU
		{5F229733-3561-4DA0-928D-00454DA626F4}.Debug|x86.Build.0 = Debug|Any CPU
		{5F229733-3561-4DA0-928D-00454DA626F4}.Release|Any CPU.ActiveCfg = Release|Any CPU
		{5F229733-3561-4DA0-928D-00454DA626F4}.Release|Any CPU.Build.0 = Release|Any CPU
		{5F229733-3561-4DA0-928D-00454DA626F4}.Release|ARM.ActiveCfg = Release|Any CPU
		{5F229733-3561-4DA0-928D-00454DA626F4}.Release|ARM.Build.0 = Release|Any CPU
		{5F229733-3561-4DA0-928D-00454DA626F4}.Release|ARM64.ActiveCfg = Release|Any CPU
		{5F229733-3561-4DA0-928D-00454DA626F4}.Release|ARM64.Build.0 = Release|Any CPU
		{5F229733-3561-4DA0-928D-00454DA626F4}.Release|x64.ActiveCfg = Release|x64
		{5F229733-3561-4DA0-928D-00454DA626F4}.Release|x64.Build.0 = Release|x64
		{5F229733-3561-4DA0-928D-00454DA626F4}.Release|x86.ActiveCfg = Release|x86
		{5F229733-3561-4DA0-928D-00454DA626F4}.Release|x86.Build.0 = Release|x86
		{B4AEE346-C55A-4E0C-ACD8-3EC04ADF3CF5}.Debug|Any CPU.ActiveCfg = Debug|Any CPU
		{B4AEE346-C55A-4E0C-ACD8-3EC04ADF3CF5}.Debug|Any CPU.Build.0 = Debug|Any CPU
		{B4AEE346-C55A-4E0C-ACD8-3EC04ADF3CF5}.Debug|ARM.ActiveCfg = Debug|Any CPU
		{B4AEE346-C55A-4E0C-ACD8-3EC04ADF3CF5}.Debug|ARM.Build.0 = Debug|Any CPU
		{B4AEE346-C55A-4E0C-ACD8-3EC04ADF3CF5}.Debug|ARM64.ActiveCfg = Debug|Any CPU
		{B4AEE346-C55A-4E0C-ACD8-3EC04ADF3CF5}.Debug|ARM64.Build.0 = Debug|Any CPU
		{B4AEE346-C55A-4E0C-ACD8-3EC04ADF3CF5}.Debug|x64.ActiveCfg = Debug|Any CPU
		{B4AEE346-C55A-4E0C-ACD8-3EC04ADF3CF5}.Debug|x64.Build.0 = Debug|Any CPU
		{B4AEE346-C55A-4E0C-ACD8-3EC04ADF3CF5}.Debug|x86.ActiveCfg = Debug|Any CPU
		{B4AEE346-C55A-4E0C-ACD8-3EC04ADF3CF5}.Debug|x86.Build.0 = Debug|Any CPU
		{B4AEE346-C55A-4E0C-ACD8-3EC04ADF3CF5}.Release|Any CPU.ActiveCfg = Release|Any CPU
		{B4AEE346-C55A-4E0C-ACD8-3EC04ADF3CF5}.Release|Any CPU.Build.0 = Release|Any CPU
		{B4AEE346-C55A-4E0C-ACD8-3EC04ADF3CF5}.Release|ARM.ActiveCfg = Release|Any CPU
		{B4AEE346-C55A-4E0C-ACD8-3EC04ADF3CF5}.Release|ARM.Build.0 = Release|Any CPU
		{B4AEE346-C55A-4E0C-ACD8-3EC04ADF3CF5}.Release|ARM64.ActiveCfg = Release|Any CPU
		{B4AEE346-C55A-4E0C-ACD8-3EC04ADF3CF5}.Release|ARM64.Build.0 = Release|Any CPU
		{B4AEE346-C55A-4E0C-ACD8-3EC04ADF3CF5}.Release|x64.ActiveCfg = Release|x64
		{B4AEE346-C55A-4E0C-ACD8-3EC04ADF3CF5}.Release|x64.Build.0 = Release|x64
		{B4AEE346-C55A-4E0C-ACD8-3EC04ADF3CF5}.Release|x86.ActiveCfg = Release|x86
		{B4AEE346-C55A-4E0C-ACD8-3EC04ADF3CF5}.Release|x86.Build.0 = Release|x86
		{91677F74-440F-4B9F-956C-F0F2E1BD712C}.Debug|Any CPU.ActiveCfg = Debug|Any CPU
		{91677F74-440F-4B9F-956C-F0F2E1BD712C}.Debug|Any CPU.Build.0 = Debug|Any CPU
		{91677F74-440F-4B9F-956C-F0F2E1BD712C}.Debug|ARM.ActiveCfg = Debug|Any CPU
		{91677F74-440F-4B9F-956C-F0F2E1BD712C}.Debug|ARM.Build.0 = Debug|Any CPU
		{91677F74-440F-4B9F-956C-F0F2E1BD712C}.Debug|ARM64.ActiveCfg = Debug|Any CPU
		{91677F74-440F-4B9F-956C-F0F2E1BD712C}.Debug|ARM64.Build.0 = Debug|Any CPU
		{91677F74-440F-4B9F-956C-F0F2E1BD712C}.Debug|x64.ActiveCfg = Debug|Any CPU
		{91677F74-440F-4B9F-956C-F0F2E1BD712C}.Debug|x64.Build.0 = Debug|Any CPU
		{91677F74-440F-4B9F-956C-F0F2E1BD712C}.Debug|x86.ActiveCfg = Debug|Any CPU
		{91677F74-440F-4B9F-956C-F0F2E1BD712C}.Debug|x86.Build.0 = Debug|Any CPU
		{91677F74-440F-4B9F-956C-F0F2E1BD712C}.Release|Any CPU.ActiveCfg = Release|Any CPU
		{91677F74-440F-4B9F-956C-F0F2E1BD712C}.Release|Any CPU.Build.0 = Release|Any CPU
		{91677F74-440F-4B9F-956C-F0F2E1BD712C}.Release|ARM.ActiveCfg = Release|Any CPU
		{91677F74-440F-4B9F-956C-F0F2E1BD712C}.Release|ARM.Build.0 = Release|Any CPU
		{91677F74-440F-4B9F-956C-F0F2E1BD712C}.Release|ARM64.ActiveCfg = Release|Any CPU
		{91677F74-440F-4B9F-956C-F0F2E1BD712C}.Release|ARM64.Build.0 = Release|Any CPU
		{91677F74-440F-4B9F-956C-F0F2E1BD712C}.Release|x64.ActiveCfg = Release|x64
		{91677F74-440F-4B9F-956C-F0F2E1BD712C}.Release|x64.Build.0 = Release|x64
		{91677F74-440F-4B9F-956C-F0F2E1BD712C}.Release|x86.ActiveCfg = Release|x86
		{91677F74-440F-4B9F-956C-F0F2E1BD712C}.Release|x86.Build.0 = Release|x86
		{CF6C8AD6-A930-41E8-9249-618D73B08A0E}.Debug|Any CPU.ActiveCfg = Debug|Any CPU
		{CF6C8AD6-A930-41E8-9249-618D73B08A0E}.Debug|Any CPU.Build.0 = Debug|Any CPU
		{CF6C8AD6-A930-41E8-9249-618D73B08A0E}.Debug|ARM.ActiveCfg = Debug|Any CPU
		{CF6C8AD6-A930-41E8-9249-618D73B08A0E}.Debug|ARM.Build.0 = Debug|Any CPU
		{CF6C8AD6-A930-41E8-9249-618D73B08A0E}.Debug|ARM64.ActiveCfg = Debug|Any CPU
		{CF6C8AD6-A930-41E8-9249-618D73B08A0E}.Debug|ARM64.Build.0 = Debug|Any CPU
		{CF6C8AD6-A930-41E8-9249-618D73B08A0E}.Debug|x64.ActiveCfg = Debug|Any CPU
		{CF6C8AD6-A930-41E8-9249-618D73B08A0E}.Debug|x64.Build.0 = Debug|Any CPU
		{CF6C8AD6-A930-41E8-9249-618D73B08A0E}.Debug|x86.ActiveCfg = Debug|Any CPU
		{CF6C8AD6-A930-41E8-9249-618D73B08A0E}.Debug|x86.Build.0 = Debug|Any CPU
		{CF6C8AD6-A930-41E8-9249-618D73B08A0E}.Release|Any CPU.ActiveCfg = Release|Any CPU
		{CF6C8AD6-A930-41E8-9249-618D73B08A0E}.Release|Any CPU.Build.0 = Release|Any CPU
		{CF6C8AD6-A930-41E8-9249-618D73B08A0E}.Release|ARM.ActiveCfg = Release|Any CPU
		{CF6C8AD6-A930-41E8-9249-618D73B08A0E}.Release|ARM.Build.0 = Release|Any CPU
		{CF6C8AD6-A930-41E8-9249-618D73B08A0E}.Release|ARM64.ActiveCfg = Release|Any CPU
		{CF6C8AD6-A930-41E8-9249-618D73B08A0E}.Release|ARM64.Build.0 = Release|Any CPU
		{CF6C8AD6-A930-41E8-9249-618D73B08A0E}.Release|x64.ActiveCfg = Release|x64
		{CF6C8AD6-A930-41E8-9249-618D73B08A0E}.Release|x64.Build.0 = Release|x64
		{CF6C8AD6-A930-41E8-9249-618D73B08A0E}.Release|x86.ActiveCfg = Release|x86
		{CF6C8AD6-A930-41E8-9249-618D73B08A0E}.Release|x86.Build.0 = Release|x86
		{22D437DE-3801-4E6B-B376-26C6C6A2D7F0}.Debug|Any CPU.ActiveCfg = Debug|Any CPU
		{22D437DE-3801-4E6B-B376-26C6C6A2D7F0}.Debug|Any CPU.Build.0 = Debug|Any CPU
		{22D437DE-3801-4E6B-B376-26C6C6A2D7F0}.Debug|ARM.ActiveCfg = Debug|Any CPU
		{22D437DE-3801-4E6B-B376-26C6C6A2D7F0}.Debug|ARM.Build.0 = Debug|Any CPU
		{22D437DE-3801-4E6B-B376-26C6C6A2D7F0}.Debug|ARM64.ActiveCfg = Debug|Any CPU
		{22D437DE-3801-4E6B-B376-26C6C6A2D7F0}.Debug|ARM64.Build.0 = Debug|Any CPU
		{22D437DE-3801-4E6B-B376-26C6C6A2D7F0}.Debug|x64.ActiveCfg = Debug|Any CPU
		{22D437DE-3801-4E6B-B376-26C6C6A2D7F0}.Debug|x64.Build.0 = Debug|Any CPU
		{22D437DE-3801-4E6B-B376-26C6C6A2D7F0}.Debug|x86.ActiveCfg = Debug|Any CPU
		{22D437DE-3801-4E6B-B376-26C6C6A2D7F0}.Debug|x86.Build.0 = Debug|Any CPU
		{22D437DE-3801-4E6B-B376-26C6C6A2D7F0}.Release|Any CPU.ActiveCfg = Release|Any CPU
		{22D437DE-3801-4E6B-B376-26C6C6A2D7F0}.Release|Any CPU.Build.0 = Release|Any CPU
		{22D437DE-3801-4E6B-B376-26C6C6A2D7F0}.Release|ARM.ActiveCfg = Release|Any CPU
		{22D437DE-3801-4E6B-B376-26C6C6A2D7F0}.Release|ARM.Build.0 = Release|Any CPU
		{22D437DE-3801-4E6B-B376-26C6C6A2D7F0}.Release|ARM64.ActiveCfg = Release|Any CPU
		{22D437DE-3801-4E6B-B376-26C6C6A2D7F0}.Release|ARM64.Build.0 = Release|Any CPU
		{22D437DE-3801-4E6B-B376-26C6C6A2D7F0}.Release|x64.ActiveCfg = Release|x64
		{22D437DE-3801-4E6B-B376-26C6C6A2D7F0}.Release|x64.Build.0 = Release|x64
		{22D437DE-3801-4E6B-B376-26C6C6A2D7F0}.Release|x86.ActiveCfg = Release|x86
		{22D437DE-3801-4E6B-B376-26C6C6A2D7F0}.Release|x86.Build.0 = Release|x86
		{25714C8B-B277-434E-8AAA-A380D51113A6}.Debug|Any CPU.ActiveCfg = Debug|Any CPU
		{25714C8B-B277-434E-8AAA-A380D51113A6}.Debug|Any CPU.Build.0 = Debug|Any CPU
		{25714C8B-B277-434E-8AAA-A380D51113A6}.Debug|ARM.ActiveCfg = Debug|Any CPU
		{25714C8B-B277-434E-8AAA-A380D51113A6}.Debug|ARM.Build.0 = Debug|Any CPU
		{25714C8B-B277-434E-8AAA-A380D51113A6}.Debug|ARM64.ActiveCfg = Debug|Any CPU
		{25714C8B-B277-434E-8AAA-A380D51113A6}.Debug|ARM64.Build.0 = Debug|Any CPU
		{25714C8B-B277-434E-8AAA-A380D51113A6}.Debug|x64.ActiveCfg = Debug|Any CPU
		{25714C8B-B277-434E-8AAA-A380D51113A6}.Debug|x64.Build.0 = Debug|Any CPU
		{25714C8B-B277-434E-8AAA-A380D51113A6}.Debug|x86.ActiveCfg = Debug|Any CPU
		{25714C8B-B277-434E-8AAA-A380D51113A6}.Debug|x86.Build.0 = Debug|Any CPU
		{25714C8B-B277-434E-8AAA-A380D51113A6}.Release|Any CPU.ActiveCfg = Release|Any CPU
		{25714C8B-B277-434E-8AAA-A380D51113A6}.Release|Any CPU.Build.0 = Release|Any CPU
		{25714C8B-B277-434E-8AAA-A380D51113A6}.Release|ARM.ActiveCfg = Release|Any CPU
		{25714C8B-B277-434E-8AAA-A380D51113A6}.Release|ARM.Build.0 = Release|Any CPU
		{25714C8B-B277-434E-8AAA-A380D51113A6}.Release|ARM64.ActiveCfg = Release|Any CPU
		{25714C8B-B277-434E-8AAA-A380D51113A6}.Release|ARM64.Build.0 = Release|Any CPU
		{25714C8B-B277-434E-8AAA-A380D51113A6}.Release|x64.ActiveCfg = Release|Any CPU
		{25714C8B-B277-434E-8AAA-A380D51113A6}.Release|x64.Build.0 = Release|Any CPU
		{25714C8B-B277-434E-8AAA-A380D51113A6}.Release|x86.ActiveCfg = Release|Any CPU
		{25714C8B-B277-434E-8AAA-A380D51113A6}.Release|x86.Build.0 = Release|Any CPU
		{432DBD6F-3C30-4C83-92B7-9B9D03C8B7D9}.Debug|Any CPU.ActiveCfg = Debug|Any CPU
		{432DBD6F-3C30-4C83-92B7-9B9D03C8B7D9}.Debug|Any CPU.Build.0 = Debug|Any CPU
		{432DBD6F-3C30-4C83-92B7-9B9D03C8B7D9}.Debug|ARM.ActiveCfg = Debug|Any CPU
		{432DBD6F-3C30-4C83-92B7-9B9D03C8B7D9}.Debug|ARM.Build.0 = Debug|Any CPU
		{432DBD6F-3C30-4C83-92B7-9B9D03C8B7D9}.Debug|ARM64.ActiveCfg = Debug|Any CPU
		{432DBD6F-3C30-4C83-92B7-9B9D03C8B7D9}.Debug|ARM64.Build.0 = Debug|Any CPU
		{432DBD6F-3C30-4C83-92B7-9B9D03C8B7D9}.Debug|x64.ActiveCfg = Debug|Any CPU
		{432DBD6F-3C30-4C83-92B7-9B9D03C8B7D9}.Debug|x64.Build.0 = Debug|Any CPU
		{432DBD6F-3C30-4C83-92B7-9B9D03C8B7D9}.Debug|x86.ActiveCfg = Debug|Any CPU
		{432DBD6F-3C30-4C83-92B7-9B9D03C8B7D9}.Debug|x86.Build.0 = Debug|Any CPU
		{432DBD6F-3C30-4C83-92B7-9B9D03C8B7D9}.Release|Any CPU.ActiveCfg = Release|Any CPU
		{432DBD6F-3C30-4C83-92B7-9B9D03C8B7D9}.Release|Any CPU.Build.0 = Release|Any CPU
		{432DBD6F-3C30-4C83-92B7-9B9D03C8B7D9}.Release|ARM.ActiveCfg = Release|Any CPU
		{432DBD6F-3C30-4C83-92B7-9B9D03C8B7D9}.Release|ARM.Build.0 = Release|Any CPU
		{432DBD6F-3C30-4C83-92B7-9B9D03C8B7D9}.Release|ARM64.ActiveCfg = Release|Any CPU
		{432DBD6F-3C30-4C83-92B7-9B9D03C8B7D9}.Release|ARM64.Build.0 = Release|Any CPU
		{432DBD6F-3C30-4C83-92B7-9B9D03C8B7D9}.Release|x64.ActiveCfg = Release|Any CPU
		{432DBD6F-3C30-4C83-92B7-9B9D03C8B7D9}.Release|x64.Build.0 = Release|Any CPU
		{432DBD6F-3C30-4C83-92B7-9B9D03C8B7D9}.Release|x86.ActiveCfg = Release|Any CPU
		{432DBD6F-3C30-4C83-92B7-9B9D03C8B7D9}.Release|x86.Build.0 = Release|Any CPU
		{60FD9236-8674-4A48-8792-E5D9AB111D40}.Debug|Any CPU.ActiveCfg = Debug|Any CPU
		{60FD9236-8674-4A48-8792-E5D9AB111D40}.Debug|Any CPU.Build.0 = Debug|Any CPU
		{60FD9236-8674-4A48-8792-E5D9AB111D40}.Debug|ARM.ActiveCfg = Debug|Any CPU
		{60FD9236-8674-4A48-8792-E5D9AB111D40}.Debug|ARM.Build.0 = Debug|Any CPU
		{60FD9236-8674-4A48-8792-E5D9AB111D40}.Debug|ARM64.ActiveCfg = Debug|Any CPU
		{60FD9236-8674-4A48-8792-E5D9AB111D40}.Debug|ARM64.Build.0 = Debug|Any CPU
		{60FD9236-8674-4A48-8792-E5D9AB111D40}.Debug|x64.ActiveCfg = Debug|Any CPU
		{60FD9236-8674-4A48-8792-E5D9AB111D40}.Debug|x64.Build.0 = Debug|Any CPU
		{60FD9236-8674-4A48-8792-E5D9AB111D40}.Debug|x86.ActiveCfg = Debug|Any CPU
		{60FD9236-8674-4A48-8792-E5D9AB111D40}.Debug|x86.Build.0 = Debug|Any CPU
		{60FD9236-8674-4A48-8792-E5D9AB111D40}.Release|Any CPU.ActiveCfg = Release|Any CPU
		{60FD9236-8674-4A48-8792-E5D9AB111D40}.Release|Any CPU.Build.0 = Release|Any CPU
		{60FD9236-8674-4A48-8792-E5D9AB111D40}.Release|ARM.ActiveCfg = Release|Any CPU
		{60FD9236-8674-4A48-8792-E5D9AB111D40}.Release|ARM.Build.0 = Release|Any CPU
		{60FD9236-8674-4A48-8792-E5D9AB111D40}.Release|ARM64.ActiveCfg = Release|Any CPU
		{60FD9236-8674-4A48-8792-E5D9AB111D40}.Release|ARM64.Build.0 = Release|Any CPU
		{60FD9236-8674-4A48-8792-E5D9AB111D40}.Release|x64.ActiveCfg = Release|Any CPU
		{60FD9236-8674-4A48-8792-E5D9AB111D40}.Release|x64.Build.0 = Release|Any CPU
		{60FD9236-8674-4A48-8792-E5D9AB111D40}.Release|x86.ActiveCfg = Release|Any CPU
		{60FD9236-8674-4A48-8792-E5D9AB111D40}.Release|x86.Build.0 = Release|Any CPU
		{94C1C376-0B18-4D7F-B291-83033EED6BDC}.Debug|Any CPU.ActiveCfg = Debug|Any CPU
		{94C1C376-0B18-4D7F-B291-83033EED6BDC}.Debug|Any CPU.Build.0 = Debug|Any CPU
		{94C1C376-0B18-4D7F-B291-83033EED6BDC}.Debug|ARM.ActiveCfg = Debug|Any CPU
		{94C1C376-0B18-4D7F-B291-83033EED6BDC}.Debug|ARM.Build.0 = Debug|Any CPU
		{94C1C376-0B18-4D7F-B291-83033EED6BDC}.Debug|ARM64.ActiveCfg = Debug|Any CPU
		{94C1C376-0B18-4D7F-B291-83033EED6BDC}.Debug|ARM64.Build.0 = Debug|Any CPU
		{94C1C376-0B18-4D7F-B291-83033EED6BDC}.Debug|x64.ActiveCfg = Debug|x64
		{94C1C376-0B18-4D7F-B291-83033EED6BDC}.Debug|x64.Build.0 = Debug|x64
		{94C1C376-0B18-4D7F-B291-83033EED6BDC}.Debug|x86.ActiveCfg = Debug|x86
		{94C1C376-0B18-4D7F-B291-83033EED6BDC}.Debug|x86.Build.0 = Debug|x86
		{94C1C376-0B18-4D7F-B291-83033EED6BDC}.Release|Any CPU.ActiveCfg = Release|Any CPU
		{94C1C376-0B18-4D7F-B291-83033EED6BDC}.Release|Any CPU.Build.0 = Release|Any CPU
		{94C1C376-0B18-4D7F-B291-83033EED6BDC}.Release|ARM.ActiveCfg = Release|Any CPU
		{94C1C376-0B18-4D7F-B291-83033EED6BDC}.Release|ARM.Build.0 = Release|Any CPU
		{94C1C376-0B18-4D7F-B291-83033EED6BDC}.Release|ARM64.ActiveCfg = Release|Any CPU
		{94C1C376-0B18-4D7F-B291-83033EED6BDC}.Release|ARM64.Build.0 = Release|Any CPU
		{94C1C376-0B18-4D7F-B291-83033EED6BDC}.Release|x64.ActiveCfg = Release|x64
		{94C1C376-0B18-4D7F-B291-83033EED6BDC}.Release|x64.Build.0 = Release|x64
		{94C1C376-0B18-4D7F-B291-83033EED6BDC}.Release|x86.ActiveCfg = Release|x86
		{94C1C376-0B18-4D7F-B291-83033EED6BDC}.Release|x86.Build.0 = Release|x86
	EndGlobalSection
	GlobalSection(SolutionProperties) = preSolution
		HideSolutionNode = FALSE
	EndGlobalSection
	GlobalSection(ExtensibilityGlobals) = postSolution
		SolutionGuid = {DA571CDD-83E6-429D-B935-2E8475785BDF}
	EndGlobalSection
EndGlobal
